
Microsoft Visual Studio Solution File, Format Version 12.00
# Visual Studio Version 16
VisualStudioVersion = 16.0.30907.101
MinimumVisualStudioVersion = 10.0.40219.1
Project("{FAE04EC0-301F-11D3-BF4B-00C04F79EFBC}") = "CVL", "CVL.csproj", "{4BD822E2-D07E-442C-81AC-39E4FE70EB69}"
EndProject
Global
	GlobalSection(SolutionConfigurationPlatforms) = preSolution
		Debug|Any CPU = Debug|Any CPU
		Release|Any CPU = Release|Any CPU
	EndGlobalSection
	GlobalSection(ProjectConfigurationPlatforms) = postSolution
		{4BD822E2-D07E-442C-81AC-39E4FE70EB69}.Debug|Any CPU.ActiveCfg = Debug|Any CPU
		{4BD822E2-D07E-442C-81AC-39E4FE70EB69}.Debug|Any CPU.Build.0 = Debug|Any CPU
		{4BD822E2-D07E-442C-81AC-39E4FE70EB69}.Release|Any CPU.ActiveCfg = Release|Any CPU
		{4BD822E2-D07E-442C-81AC-39E4FE70EB69}.Release|Any CPU.Build.0 = Release|Any CPU
	EndGlobalSection
	GlobalSection(SolutionProperties) = preSolution
		HideSolutionNode = FALSE
	EndGlobalSection
	GlobalSection(ExtensibilityGlobals) = postSolution
		SolutionGuid = {7E02C5FB-4CA7-447A-A5E0-F89706AF429E}
	EndGlobalSection
EndGlobal
